
Microsoft Visual Studio Solution File, Format Version 12.00
# Visual Studio Version 17
VisualStudioVersion = 17.14.36511.14 d17.14
MinimumVisualStudioVersion = 10.0.40219.1
Project("{FAE04EC0-301F-11D3-BF4B-00C04F79EFBC}") = "WindowsFormsApp01", "WindowsFormsApp01\WindowsFormsApp01.csproj", "{0FA77AB8-CA49-4DAF-8140-6819EB7F4340}"
EndProject
Global
	GlobalSection(SolutionConfigurationPlatforms) = preSolution
		Debug|Any CPU = Debug|Any CPU
		Release|Any CPU = Release|Any CPU
	EndGlobalSection
	GlobalSection(ProjectConfigurationPlatforms) = postSolution
		{0FA77AB8-CA49-4DAF-8140-6819EB7F4340}.Debug|Any CPU.ActiveCfg = Debug|Any CPU
		{0FA77AB8-CA49-4DAF-8140-6819EB7F4340}.Debug|Any CPU.Build.0 = Debug|Any CPU
		{0FA77AB8-CA49-4DAF-8140-6819EB7F4340}.Release|Any CPU.ActiveCfg = Release|Any CPU
		{0FA77AB8-CA49-4DAF-8140-6819EB7F4340}.Release|Any CPU.Build.0 = Release|Any CPU
	EndGlobalSection
	GlobalSection(SolutionProperties) = preSolution
		HideSolutionNode = FALSE
	EndGlobalSection
	GlobalSection(ExtensibilityGlobals) = postSolution
		SolutionGuid = {BF642F45-F47B-4534-9F31-00179D265764}
	EndGlobalSection
EndGlobal
